
Microsoft Visual Studio Solution File, Format Version 12.00
# Visual Studio 15
VisualStudioVersion = 15.0.28010.2046
MinimumVisualStudioVersion = 10.0.40219.1
Project("{FAE04EC0-301F-11D3-BF4B-00C04F79EFBC}") = "COMP123-S2019-Lession11B", "COMP123-S2019-Lession11B\COMP123-S2019-Lession11B.csproj", "{255DF000-7FDF-4678-BD6E-B0801BB1E7CA}"
EndProject
Global
	GlobalSection(SolutionConfigurationPlatforms) = preSolution
		Debug|Any CPU = Debug|Any CPU
		Release|Any CPU = Release|Any CPU
	EndGlobalSection
	GlobalSection(ProjectConfigurationPlatforms) = postSolution
		{255DF000-7FDF-4678-BD6E-B0801BB1E7CA}.Debug|Any CPU.ActiveCfg = Debug|Any CPU
		{255DF000-7FDF-4678-BD6E-B0801BB1E7CA}.Debug|Any CPU.Build.0 = Debug|Any CPU
		{255DF000-7FDF-4678-BD6E-B0801BB1E7CA}.Release|Any CPU.ActiveCfg = Release|Any CPU
		{255DF000-7FDF-4678-BD6E-B0801BB1E7CA}.Release|Any CPU.Build.0 = Release|Any CPU
	EndGlobalSection
	GlobalSection(SolutionProperties) = preSolution
		HideSolutionNode = FALSE
	EndGlobalSection
	GlobalSection(ExtensibilityGlobals) = postSolution
		SolutionGuid = {5C9EEA13-A43F-43F6-B47D-3E5A2C2EADF6}
	EndGlobalSection
EndGlobal
